
Microsoft Visual Studio Solution File, Format Version 12.00
# Visual Studio Version 16
VisualStudioVersion = 16.0.31229.75
MinimumVisualStudioVersion = 10.0.40219.1
Project("{9A19103F-16F7-4668-BE54-9A1E7A4F7556}") = "GestorPedidos", "GestorPedidos\GestorPedidos.csproj", "{436C7F7A-64ED-4F63-A5DF-3527F4A9630B}"
EndProject
Project("{9A19103F-16F7-4668-BE54-9A1E7A4F7556}") = "Servicios", "Servicios\Servicios.csproj", "{5FF16CA3-C9AD-406D-89F9-276E4AEDAD27}"
EndProject
Project("{9A19103F-16F7-4668-BE54-9A1E7A4F7556}") = "Models", "Models\Models.csproj", "{3DA6133F-36F5-456F-9B3B-F7B3EC1F599C}"
EndProject
Global
	GlobalSection(SolutionConfigurationPlatforms) = preSolution
		Debug|Any CPU = Debug|Any CPU
		Release|Any CPU = Release|Any CPU
	EndGlobalSection
	GlobalSection(ProjectConfigurationPlatforms) = postSolution
		{436C7F7A-64ED-4F63-A5DF-3527F4A9630B}.Debug|Any CPU.ActiveCfg = Debug|Any CPU
		{436C7F7A-64ED-4F63-A5DF-3527F4A9630B}.Debug|Any CPU.Build.0 = Debug|Any CPU
		{436C7F7A-64ED-4F63-A5DF-3527F4A9630B}.Release|Any CPU.ActiveCfg = Release|Any CPU
		{436C7F7A-64ED-4F63-A5DF-3527F4A9630B}.Release|Any CPU.Build.0 = Release|Any CPU
		{5FF16CA3-C9AD-406D-89F9-276E4AEDAD27}.Debug|Any CPU.ActiveCfg = Debug|Any CPU
		{5FF16CA3-C9AD-406D-89F9-276E4AEDAD27}.Debug|Any CPU.Build.0 = Debug|Any CPU
		{5FF16CA3-C9AD-406D-89F9-276E4AEDAD27}.Release|Any CPU.ActiveCfg = Release|Any CPU
		{5FF16CA3-C9AD-406D-89F9-276E4AEDAD27}.Release|Any CPU.Build.0 = Release|Any CPU
		{3DA6133F-36F5-456F-9B3B-F7B3EC1F599C}.Debug|Any CPU.ActiveCfg = Debug|Any CPU
		{3DA6133F-36F5-456F-9B3B-F7B3EC1F599C}.Debug|Any CPU.Build.0 = Debug|Any CPU
		{3DA6133F-36F5-456F-9B3B-F7B3EC1F599C}.Release|Any CPU.ActiveCfg = Release|Any CPU
		{3DA6133F-36F5-456F-9B3B-F7B3EC1F599C}.Release|Any CPU.Build.0 = Release|Any CPU
	EndGlobalSection
	GlobalSection(SolutionProperties) = preSolution
		HideSolutionNode = FALSE
	EndGlobalSection
	GlobalSection(ExtensibilityGlobals) = postSolution
		SolutionGuid = {34B9F7E3-9153-41CE-B22C-B1D523C73469}
	EndGlobalSection
EndGlobal
